// !$*UTF8*$!
{
	archiveVersion = 1;
	classes = {
	};
	objectVersion = 55;
	objects = {

/* Begin PBXBuildFile section */
		3B138C7B27BEA73700D2B1B6 /* WatchActivityRingsExample WatchKit App.app in Embed Watch Content */ = {isa = PBXBuildFile; fileRef = 3B138C7A27BEA73700D2B1B6 /* WatchActivityRingsExample WatchKit App.app */; settings = {ATTRIBUTES = (RemoveHeadersOnCopy, ); }; };
		3B138C8027BEA73900D2B1B6 /* Assets.xcassets in Resources */ = {isa = PBXBuildFile; fileRef = 3B138C7F27BEA73900D2B1B6 /* Assets.xcassets */; };
		3B138C8627BEA73900D2B1B6 /* WatchActivityRingsExample WatchKit Extension.appex in Embed App Extensions */ = {isa = PBXBuildFile; fileRef = 3B138C8527BEA73900D2B1B6 /* WatchActivityRingsExample WatchKit Extension.appex */; settings = {ATTRIBUTES = (RemoveHeadersOnCopy, ); }; };
		3B138C8B27BEA73900D2B1B6 /* ContentView.swift in Sources */ = {isa = PBXBuildFile; fileRef = 3B138C8A27BEA73900D2B1B6 /* ContentView.swift */; };
		3B138C8D27BEA73900D2B1B6 /* WatchActivityRingsExampleApp.swift in Sources */ = {isa = PBXBuildFile; fileRef = 3B138C8C27BEA73900D2B1B6 /* WatchActivityRingsExampleApp.swift */; };
		3B138C8F27BEA73900D2B1B6 /* ComplicationController.swift in Sources */ = {isa = PBXBuildFile; fileRef = 3B138C8E27BEA73900D2B1B6 /* ComplicationController.swift */; };
		3B138C9127BEA73B00D2B1B6 /* Assets.xcassets in Resources */ = {isa = PBXBuildFile; fileRef = 3B138C9027BEA73B00D2B1B6 /* Assets.xcassets */; };
		3B138C9427BEA73B00D2B1B6 /* Preview Assets.xcassets in Resources */ = {isa = PBXBuildFile; fileRef = 3B138C9327BEA73B00D2B1B6 /* Preview Assets.xcassets */; };
		3B138CA627BEA76500D2B1B6 /* RingProgressView in Frameworks */ = {isa = PBXBuildFile; productRef = 3B138CA527BEA76500D2B1B6 /* RingProgressView */; };
/* End PBXBuildFile section */

/* Begin PBXContainerItemProxy section */
		3B138C7C27BEA73700D2B1B6 /* PBXContainerItemProxy */ = {
			isa = PBXContainerItemProxy;
			containerPortal = 3B138C7027BEA73700D2B1B6 /* Project object */;
			proxyType = 1;
			remoteGlobalIDString = 3B138C7927BEA73700D2B1B6;
			remoteInfo = "WatchActivityRingsExample WatchKit App";
		};
		3B138C8727BEA73900D2B1B6 /* PBXContainerItemProxy */ = {
			isa = PBXContainerItemProxy;
			containerPortal = 3B138C7027BEA73700D2B1B6 /* Project object */;
			proxyType = 1;
			remoteGlobalIDString = 3B138C8427BEA73900D2B1B6;
			remoteInfo = "WatchActivityRingsExample WatchKit Extension";
		};
/* End PBXContainerItemProxy section */

/* Begin PBXCopyFilesBuildPhase section */
		3B138C9B27BEA73B00D2B1B6 /* Embed App Extensions */ = {
			isa = PBXCopyFilesBuildPhase;
			buildActionMask = 2147483647;
			dstPath = "";
			dstSubfolderSpec = 13;
			files = (
				3B138C8627BEA73900D2B1B6 /* WatchActivityRingsExample WatchKit Extension.appex in Embed App Extensions */,
			);
			name = "Embed App Extensions";
			runOnlyForDeploymentPostprocessing = 0;
		};
		3B138C9F27BEA73B00D2B1B6 /* Embed Watch Content */ = {
			isa = PBXCopyFilesBuildPhase;
			buildActionMask = 2147483647;
			dstPath = "$(CONTENTS_FOLDER_PATH)/Watch";
			dstSubfolderSpec = 16;
			files = (
				3B138C7B27BEA73700D2B1B6 /* WatchActivityRingsExample WatchKit App.app in Embed Watch Content */,
			);
			name = "Embed Watch Content";
			runOnlyForDeploymentPostprocessing = 0;
		};
/* End PBXCopyFilesBuildPhase section */

/* Begin PBXFileReference section */
		3B138C7627BEA73700D2B1B6 /* WatchActivityRingsExample.app */ = {isa = PBXFileReference; explicitFileType = wrapper.application; includeInIndex = 0; path = WatchActivityRingsExample.app; sourceTree = BUILT_PRODUCTS_DIR; };
		3B138C7A27BEA73700D2B1B6 /* WatchActivityRingsExample WatchKit App.app */ = {isa = PBXFileReference; explicitFileType = wrapper.application; includeInIndex = 0; path = "WatchActivityRingsExample WatchKit App.app"; sourceTree = BUILT_PRODUCTS_DIR; };
		3B138C7F27BEA73900D2B1B6 /* Assets.xcassets */ = {isa = PBXFileReference; lastKnownFileType = folder.assetcatalog; path = Assets.xcassets; sourceTree = "<group>"; };
		3B138C8527BEA73900D2B1B6 /* WatchActivityRingsExample WatchKit Extension.appex */ = {isa = PBXFileReference; explicitFileType = "wrapper.app-extension"; includeInIndex = 0; path = "WatchActivityRingsExample WatchKit Extension.appex"; sourceTree = BUILT_PRODUCTS_DIR; };
		3B138C8A27BEA73900D2B1B6 /* ContentView.swift */ = {isa = PBXFileReference; indentWidth = 2; lastKnownFileType = sourcecode.swift; path = ContentView.swift; sourceTree = "<group>"; tabWidth = 2; };
		3B138C8C27BEA73900D2B1B6 /* WatchActivityRingsExampleApp.swift */ = {isa = PBXFileReference; indentWidth = 2; lastKnownFileType = sourcecode.swift; path = WatchActivityRingsExampleApp.swift; sourceTree = "<group>"; tabWidth = 2; };
		3B138C8E27BEA73900D2B1B6 /* ComplicationController.swift */ = {isa = PBXFileReference; lastKnownFileType = sourcecode.swift; path = ComplicationController.swift; sourceTree = "<group>"; };
		3B138C9027BEA73B00D2B1B6 /* Assets.xcassets */ = {isa = PBXFileReference; lastKnownFileType = folder.assetcatalog; path = Assets.xcassets; sourceTree = "<group>"; };
		3B138C9327BEA73B00D2B1B6 /* Preview Assets.xcassets */ = {isa = PBXFileReference; lastKnownFileType = folder.assetcatalog; path = "Preview Assets.xcassets"; sourceTree = "<group>"; };
		3B138C9527BEA73B00D2B1B6 /* Info.plist */ = {isa = PBXFileReference; lastKnownFileType = text.plist.xml; path = Info.plist; sourceTree = "<group>"; };
		3B138CA327BEA74A00D2B1B6 /* ring-progress-view */ = {isa = PBXFileReference; lastKnownFileType = wrapper; name = "ring-progress-view"; path = ../..; sourceTree = "<group>"; };
/* End PBXFileReference section */

/* Begin PBXFrameworksBuildPhase section */
		3B138C8227BEA73900D2B1B6 /* Frameworks */ = {
			isa = PBXFrameworksBuildPhase;
			buildActionMask = 2147483647;
			files = (
				3B138CA627BEA76500D2B1B6 /* RingProgressView in Frameworks */,
			);
			runOnlyForDeploymentPostprocessing = 0;
		};
/* End PBXFrameworksBuildPhase section */

/* Begin PBXGroup section */
		3B138C6F27BEA73700D2B1B6 = {
			isa = PBXGroup;
			children = (
				3B138CA327BEA74A00D2B1B6 /* ring-progress-view */,
				3B138C7E27BEA73700D2B1B6 /* WatchActivityRingsExample WatchKit App */,
				3B138C8927BEA73900D2B1B6 /* WatchActivityRingsExample WatchKit Extension */,
				3B138C7727BEA73700D2B1B6 /* Products */,
				3B138CA427BEA76500D2B1B6 /* Frameworks */,
			);
			sourceTree = "<group>";
		};
		3B138C7727BEA73700D2B1B6 /* Products */ = {
			isa = PBXGroup;
			children = (
				3B138C7627BEA73700D2B1B6 /* WatchActivityRingsExample.app */,
				3B138C7A27BEA73700D2B1B6 /* WatchActivityRingsExample WatchKit App.app */,
				3B138C8527BEA73900D2B1B6 /* WatchActivityRingsExample WatchKit Extension.appex */,
			);
			name = Products;
			sourceTree = "<group>";
		};
		3B138C7E27BEA73700D2B1B6 /* WatchActivityRingsExample WatchKit App */ = {
			isa = PBXGroup;
			children = (
				3B138C7F27BEA73900D2B1B6 /* Assets.xcassets */,
			);
			path = "WatchActivityRingsExample WatchKit App";
			sourceTree = "<group>";
		};
		3B138C8927BEA73900D2B1B6 /* WatchActivityRingsExample WatchKit Extension */ = {
			isa = PBXGroup;
			children = (
				3B138C8A27BEA73900D2B1B6 /* ContentView.swift */,
				3B138C8C27BEA73900D2B1B6 /* WatchActivityRingsExampleApp.swift */,
				3B138C8E27BEA73900D2B1B6 /* ComplicationController.swift */,
				3B138C9027BEA73B00D2B1B6 /* Assets.xcassets */,
				3B138C9527BEA73B00D2B1B6 /* Info.plist */,
				3B138C9227BEA73B00D2B1B6 /* Preview Content */,
			);
			path = "WatchActivityRingsExample WatchKit Extension";
			sourceTree = "<group>";
		};
		3B138C9227BEA73B00D2B1B6 /* Preview Content */ = {
			isa = PBXGroup;
			children = (
				3B138C9327BEA73B00D2B1B6 /* Preview Assets.xcassets */,
			);
			path = "Preview Content";
			sourceTree = "<group>";
		};
		3B138CA427BEA76500D2B1B6 /* Frameworks */ = {
			isa = PBXGroup;
			children = (
			);
			name = Frameworks;
			sourceTree = "<group>";
		};
/* End PBXGroup section */

/* Begin PBXNativeTarget section */
		3B138C7527BEA73700D2B1B6 /* WatchActivityRingsExample */ = {
			isa = PBXNativeTarget;
			buildConfigurationList = 3B138CA027BEA73B00D2B1B6 /* Build configuration list for PBXNativeTarget "WatchActivityRingsExample" */;
			buildPhases = (
				3B138C7427BEA73700D2B1B6 /* Resources */,
				3B138C9F27BEA73B00D2B1B6 /* Embed Watch Content */,
			);
			buildRules = (
			);
			dependencies = (
				3B138C7D27BEA73700D2B1B6 /* PBXTargetDependency */,
			);
			name = WatchActivityRingsExample;
			productName = WatchActivityRingsExample;
			productReference = 3B138C7627BEA73700D2B1B6 /* WatchActivityRingsExample.app */;
			productType = "com.apple.product-type.application.watchapp2-container";
		};
		3B138C7927BEA73700D2B1B6 /* WatchActivityRingsExample WatchKit App */ = {
			isa = PBXNativeTarget;
			buildConfigurationList = 3B138C9C27BEA73B00D2B1B6 /* Build configuration list for PBXNativeTarget "WatchActivityRingsExample WatchKit App" */;
			buildPhases = (
				3B138C7827BEA73700D2B1B6 /* Resources */,
				3B138C9B27BEA73B00D2B1B6 /* Embed App Extensions */,
			);
			buildRules = (
			);
			dependencies = (
				3B138C8827BEA73900D2B1B6 /* PBXTargetDependency */,
			);
			name = "WatchActivityRingsExample WatchKit App";
			productName = "WatchActivityRingsExample WatchKit App";
			productReference = 3B138C7A27BEA73700D2B1B6 /* WatchActivityRingsExample WatchKit App.app */;
			productType = "com.apple.product-type.application.watchapp2";
		};
		3B138C8427BEA73900D2B1B6 /* WatchActivityRingsExample WatchKit Extension */ = {
			isa = PBXNativeTarget;
			buildConfigurationList = 3B138C9827BEA73B00D2B1B6 /* Build configuration list for PBXNativeTarget "WatchActivityRingsExample WatchKit Extension" */;
			buildPhases = (
				3B138C8127BEA73900D2B1B6 /* Sources */,
				3B138C8227BEA73900D2B1B6 /* Frameworks */,
				3B138C8327BEA73900D2B1B6 /* Resources */,
			);
			buildRules = (
			);
			dependencies = (
			);
			name = "WatchActivityRingsExample WatchKit Extension";
			packageProductDependencies = (
				3B138CA527BEA76500D2B1B6 /* RingProgressView */,
			);
			productName = "WatchActivityRingsExample WatchKit Extension";
			productReference = 3B138C8527BEA73900D2B1B6 /* WatchActivityRingsExample WatchKit Extension.appex */;
			productType = "com.apple.product-type.watchkit2-extension";
		};
/* End PBXNativeTarget section */

/* Begin PBXProject section */
		3B138C7027BEA73700D2B1B6 /* Project object */ = {
			isa = PBXProject;
			attributes = {
				BuildIndependentTargetsInParallel = 1;
				LastSwiftUpdateCheck = 1320;
				LastUpgradeCheck = 1320;
				TargetAttributes = {
					3B138C7527BEA73700D2B1B6 = {
						CreatedOnToolsVersion = 13.2.1;
					};
					3B138C7927BEA73700D2B1B6 = {
						CreatedOnToolsVersion = 13.2.1;
					};
					3B138C8427BEA73900D2B1B6 = {
						CreatedOnToolsVersion = 13.2.1;
					};
				};
			};
			buildConfigurationList = 3B138C7327BEA73700D2B1B6 /* Build configuration list for PBXProject "WatchActivityRingsExample" */;
			compatibilityVersion = "Xcode 13.0";
			developmentRegion = en;
			hasScannedForEncodings = 0;
			knownRegions = (
				en,
				Base,
			);
			mainGroup = 3B138C6F27BEA73700D2B1B6;
			productRefGroup = 3B138C7727BEA73700D2B1B6 /* Products */;
			projectDirPath = "";
			projectRoot = "";
			targets = (
				3B138C7527BEA73700D2B1B6 /* WatchActivityRingsExample */,
				3B138C7927BEA73700D2B1B6 /* WatchActivityRingsExample WatchKit App */,
				3B138C8427BEA73900D2B1B6 /* WatchActivityRingsExample WatchKit Extension */,
			);
		};
/* End PBXProject section */

/* Begin PBXResourcesBuildPhase section */
		3B138C7427BEA73700D2B1B6 /* Resources */ = {
			isa = PBXResourcesBuildPhase;
			buildActionMask = 2147483647;
			files = (
			);
			runOnlyForDeploymentPostprocessing = 0;
		};
		3B138C7827BEA73700D2B1B6 /* Resources */ = {
			isa = PBXResourcesBuildPhase;
			buildActionMask = 2147483647;
			files = (
				3B138C8027BEA73900D2B1B6 /* Assets.xcassets in Resources */,
			);
			runOnlyForDeploymentPostprocessing = 0;
		};
		3B138C8327BEA73900D2B1B6 /* Resources */ = {
			isa = PBXResourcesBuildPhase;
			buildActionMask = 2147483647;
			files = (
				3B138C9427BEA73B00D2B1B6 /* Preview Assets.xcassets in Resources */,
				3B138C9127BEA73B00D2B1B6 /* Assets.xcassets in Resources */,
			);
			runOnlyForDeploymentPostprocessing = 0;
		};
/* End PBXResourcesBuildPhase section */

/* Begin PBXSourcesBuildPhase section */
		3B138C8127BEA73900D2B1B6 /* Sources */ = {
			isa = PBXSourcesBuildPhase;
			buildActionMask = 2147483647;
			files = (
				3B138C8B27BEA73900D2B1B6 /* ContentView.swift in Sources */,
				3B138C8D27BEA73900D2B1B6 /* WatchActivityRingsExampleApp.swift in Sources */,
				3B138C8F27BEA73900D2B1B6 /* ComplicationController.swift in Sources */,
			);
			runOnlyForDeploymentPostprocessing = 0;
		};
/* End PBXSourcesBuildPhase section */

/* Begin PBXTargetDependency section */
		3B138C7D27BEA73700D2B1B6 /* PBXTargetDependency */ = {
			isa = PBXTargetDependency;
			target = 3B138C7927BEA73700D2B1B6 /* WatchActivityRingsExample WatchKit App */;
			targetProxy = 3B138C7C27BEA73700D2B1B6 /* PBXContainerItemProxy */;
		};
		3B138C8827BEA73900D2B1B6 /* PBXTargetDependency */ = {
			isa = PBXTargetDependency;
			target = 3B138C8427BEA73900D2B1B6 /* WatchActivityRingsExample WatchKit Extension */;
			targetProxy = 3B138C8727BEA73900D2B1B6 /* PBXContainerItemProxy */;
		};
/* End PBXTargetDependency section */

/* Begin XCBuildConfiguration section */
		3B138C9627BEA73B00D2B1B6 /* Debug */ = {
			isa = XCBuildConfiguration;
			buildSettings = {
				ALWAYS_SEARCH_USER_PATHS = NO;
				CLANG_ANALYZER_NONNULL = YES;
				CLANG_ANALYZER_NUMBER_OBJECT_CONVERSION = YES_AGGRESSIVE;
				CLANG_CXX_LANGUAGE_STANDARD = "gnu++17";
				CLANG_CXX_LIBRARY = "libc++";
				CLANG_ENABLE_MODULES = YES;
				CLANG_ENABLE_OBJC_ARC = YES;
				CLANG_ENABLE_OBJC_WEAK = YES;
				CLANG_WARN_BLOCK_CAPTURE_AUTORELEASING = YES;
				CLANG_WARN_BOOL_CONVERSION = YES;
				CLANG_WARN_COMMA = YES;
				CLANG_WARN_CONSTANT_CONVERSION = YES;
				CLANG_WARN_DEPRECATED_OBJC_IMPLEMENTATIONS = YES;
				CLANG_WARN_DIRECT_OBJC_ISA_USAGE = YES_ERROR;
				CLANG_WARN_DOCUMENTATION_COMMENTS = YES;
				CLANG_WARN_EMPTY_BODY = YES;
				CLANG_WARN_ENUM_CONVERSION = YES;
				CLANG_WARN_INFINITE_RECURSION = YES;
				CLANG_WARN_INT_CONVERSION = YES;
				CLANG_WARN_NON_LITERAL_NULL_CONVERSION = YES;
				CLANG_WARN_OBJC_IMPLICIT_RETAIN_SELF = YES;
				CLANG_WARN_OBJC_LITERAL_CONVERSION = YES;
				CLANG_WARN_OBJC_ROOT_CLASS = YES_ERROR;
				CLANG_WARN_QUOTED_INCLUDE_IN_FRAMEWORK_HEADER = YES;
				CLANG_WARN_RANGE_LOOP_ANALYSIS = YES;
				CLANG_WARN_STRICT_PROTOTYPES = YES;
				CLANG_WARN_SUSPICIOUS_MOVE = YES;
				CLANG_WARN_UNGUARDED_AVAILABILITY = YES_AGGRESSIVE;
				CLANG_WARN_UNREACHABLE_CODE = YES;
				CLANG_WARN__DUPLICATE_METHOD_MATCH = YES;
				COPY_PHASE_STRIP = NO;
				DEBUG_INFORMATION_FORMAT = dwarf;
				ENABLE_STRICT_OBJC_MSGSEND = YES;
				ENABLE_TESTABILITY = YES;
				GCC_C_LANGUAGE_STANDARD = gnu11;
				GCC_DYNAMIC_NO_PIC = NO;
				GCC_NO_COMMON_BLOCKS = YES;
				GCC_OPTIMIZATION_LEVEL = 0;
				GCC_PREPROCESSOR_DEFINITIONS = (
					"DEBUG=1",
					"$(inherited)",
				);
				GCC_WARN_64_TO_32_BIT_CONVERSION = YES;
				GCC_WARN_ABOUT_RETURN_TYPE = YES_ERROR;
				GCC_WARN_UNDECLARED_SELECTOR = YES;
				GCC_WARN_UNINITIALIZED_AUTOS = YES_AGGRESSIVE;
				GCC_WARN_UNUSED_FUNCTION = YES;
				GCC_WARN_UNUSED_VARIABLE = YES;
				MTL_ENABLE_DEBUG_INFO = INCLUDE_SOURCE;
				MTL_FAST_MATH = YES;
				ONLY_ACTIVE_ARCH = YES;
				SDKROOT = iphoneos;
				SWIFT_ACTIVE_COMPILATION_CONDITIONS = DEBUG;
				SWIFT_OPTIMIZATION_LEVEL = "-Onone";
			};
			name = Debug;
		};
		3B138C9727BEA73B00D2B1B6 /* Release */ = {
			isa = XCBuildConfiguration;
			buildSettings = {
				ALWAYS_SEARCH_USER_PATHS = NO;
				CLANG_ANALYZER_NONNULL = YES;
				CLANG_ANALYZER_NUMBER_OBJECT_CONVERSION = YES_AGGRESSIVE;
				CLANG_CXX_LANGUAGE_STANDARD = "gnu++17";
				CLANG_CXX_LIBRARY = "libc++";
				CLANG_ENABLE_MODULES = YES;
				CLANG_ENABLE_OBJC_ARC = YES;
				CLANG_ENABLE_OBJC_WEAK = YES;
				CLANG_WARN_BLOCK_CAPTURE_AUTORELEASING = YES;
				CLANG_WARN_BOOL_CONVERSION = YES;
				CLANG_WARN_COMMA = YES;
				CLANG_WARN_CONSTANT_CONVERSION = YES;
				CLANG_WARN_DEPRECATED_OBJC_IMPLEMENTATIONS = YES;
				CLANG_WARN_DIRECT_OBJC_ISA_USAGE = YES_ERROR;
				CLANG_WARN_DOCUMENTATION_COMMENTS = YES;
				CLANG_WARN_EMPTY_BODY = YES;
				CLANG_WARN_ENUM_CONVERSION = YES;
				CLANG_WARN_INFINITE_RECURSION = YES;
				CLANG_WARN_INT_CONVERSION = YES;
				CLANG_WARN_NON_LITERAL_NULL_CONVERSION = YES;
				CLANG_WARN_OBJC_IMPLICIT_RETAIN_SELF = YES;
				CLANG_WARN_OBJC_LITERAL_CONVERSION = YES;
				CLANG_WARN_OBJC_ROOT_CLASS = YES_ERROR;
				CLANG_WARN_QUOTED_INCLUDE_IN_FRAMEWORK_HEADER = YES;
				CLANG_WARN_RANGE_LOOP_ANALYSIS = YES;
				CLANG_WARN_STRICT_PROTOTYPES = YES;
				CLANG_WARN_SUSPICIOUS_MOVE = YES;
				CLANG_WARN_UNGUARDED_AVAILABILITY = YES_AGGRESSIVE;
				CLANG_WARN_UNREACHABLE_CODE = YES;
				CLANG_WARN__DUPLICATE_METHOD_MATCH = YES;
				COPY_PHASE_STRIP = NO;
				DEBUG_INFORMATION_FORMAT = "dwarf-with-dsym";
				ENABLE_NS_ASSERTIONS = NO;
				ENABLE_STRICT_OBJC_MSGSEND = YES;
				GCC_C_LANGUAGE_STANDARD = gnu11;
				GCC_NO_COMMON_BLOCKS = YES;
				GCC_WARN_64_TO_32_BIT_CONVERSION = YES;
				GCC_WARN_ABOUT_RETURN_TYPE = YES_ERROR;
				GCC_WARN_UNDECLARED_SELECTOR = YES;
				GCC_WARN_UNINITIALIZED_AUTOS = YES_AGGRESSIVE;
				GCC_WARN_UNUSED_FUNCTION = YES;
				GCC_WARN_UNUSED_VARIABLE = YES;
				MTL_ENABLE_DEBUG_INFO = NO;
				MTL_FAST_MATH = YES;
				SDKROOT = iphoneos;
				SWIFT_COMPILATION_MODE = wholemodule;
				SWIFT_OPTIMIZATION_LEVEL = "-O";
				VALIDATE_PRODUCT = YES;
			};
			name = Release;
		};
		3B138C9927BEA73B00D2B1B6 /* Debug */ = {
			isa = XCBuildConfiguration;
			buildSettings = {
				ASSETCATALOG_COMPILER_COMPLICATION_NAME = Complication;
				CODE_SIGN_STYLE = Automatic;
				CURRENT_PROJECT_VERSION = 1;
				DEVELOPMENT_ASSET_PATHS = "\"WatchActivityRingsExample WatchKit Extension/Preview Content\"";
				ENABLE_PREVIEWS = YES;
				GENERATE_INFOPLIST_FILE = YES;
				INFOPLIST_FILE = "WatchActivityRingsExample WatchKit Extension/Info.plist";
				INFOPLIST_KEY_CFBundleDisplayName = "WatchActivityRingsExample WatchKit Extension";
				INFOPLIST_KEY_CLKComplicationPrincipalClass = "$(PRODUCT_MODULE_NAME).ComplicationController";
				INFOPLIST_KEY_NSHumanReadableCopyright = "";
				INFOPLIST_KEY_WKWatchOnly = YES;
				LD_RUNPATH_SEARCH_PATHS = (
					"$(inherited)",
					"@executable_path/Frameworks",
					"@executable_path/../../Frameworks",
				);
				MARKETING_VERSION = 1.0;
				PRODUCT_BUNDLE_IDENTIFIER = local.WatchActivityRingsExample.watchkitapp.watchkitextension;
				PRODUCT_NAME = "${TARGET_NAME}";
				SDKROOT = watchos;
				SKIP_INSTALL = YES;
				SWIFT_EMIT_LOC_STRINGS = YES;
				SWIFT_VERSION = 5.0;
				TARGETED_DEVICE_FAMILY = 4;
				WATCHOS_DEPLOYMENT_TARGET = 8.3;
			};
			name = Debug;
		};
		3B138C9A27BEA73B00D2B1B6 /* Release */ = {
			isa = XCBuildConfiguration;
			buildSettings = {
				ASSETCATALOG_COMPILER_COMPLICATION_NAME = Complication;
				CODE_SIGN_STYLE = Automatic;
				CURRENT_PROJECT_VERSION = 1;
				DEVELOPMENT_ASSET_PATHS = "\"WatchActivityRingsExample WatchKit Extension/Preview Content\"";
				ENABLE_PREVIEWS = YES;
				GENERATE_INFOPLIST_FILE = YES;
				INFOPLIST_FILE = "WatchActivityRingsExample WatchKit Extension/Info.plist";
				INFOPLIST_KEY_CFBundleDisplayName = "WatchActivityRingsExample WatchKit Extension";
				INFOPLIST_KEY_CLKComplicationPrincipalClass = "$(PRODUCT_MODULE_NAME).ComplicationController";
				INFOPLIST_KEY_NSHumanReadableCopyright = "";
				INFOPLIST_KEY_WKWatchOnly = YES;
				LD_RUNPATH_SEARCH_PATHS = (
					"$(inherited)",
					"@executable_path/Frameworks",
					"@executable_path/../../Frameworks",
				);
				MARKETING_VERSION = 1.0;
				PRODUCT_BUNDLE_IDENTIFIER = local.WatchActivityRingsExample.watchkitapp.watchkitextension;
				PRODUCT_NAME = "${TARGET_NAME}";
				SDKROOT = watchos;
				SKIP_INSTALL = YES;
				SWIFT_EMIT_LOC_STRINGS = YES;
				SWIFT_VERSION = 5.0;
				TARGETED_DEVICE_FAMILY = 4;
				WATCHOS_DEPLOYMENT_TARGET = 8.3;
			};
			name = Release;
		};
		3B138C9D27BEA73B00D2B1B6 /* Debug */ = {
			isa = XCBuildConfiguration;
			buildSettings = {
				ALWAYS_EMBED_SWIFT_STANDARD_LIBRARIES = YES;
				ASSETCATALOG_COMPILER_APPICON_NAME = AppIcon;
				ASSETCATALOG_COMPILER_GLOBAL_ACCENT_COLOR_NAME = AccentColor;
				CODE_SIGN_STYLE = Automatic;
				CURRENT_PROJECT_VERSION = 1;
				GENERATE_INFOPLIST_FILE = YES;
				IBSC_MODULE = WatchActivityRingsExample_WatchKit_Extension;
				INFOPLIST_KEY_CFBundleDisplayName = "WatchActivityRingsExample WatchKit App";
				INFOPLIST_KEY_UISupportedInterfaceOrientations = "UIInterfaceOrientationPortrait UIInterfaceOrientationPortraitUpsideDown";
				MARKETING_VERSION = 1.0;
				PRODUCT_BUNDLE_IDENTIFIER = local.WatchActivityRingsExample.watchkitapp;
				PRODUCT_NAME = "$(TARGET_NAME)";
				SDKROOT = watchos;
				SKIP_INSTALL = YES;
				SWIFT_EMIT_LOC_STRINGS = YES;
				SWIFT_VERSION = 5.0;
				TARGETED_DEVICE_FAMILY = 4;
				WATCHOS_DEPLOYMENT_TARGET = 8.3;
			};
			name = Debug;
		};
		3B138C9E27BEA73B00D2B1B6 /* Release */ = {
			isa = XCBuildConfiguration;
			buildSettings = {
				ALWAYS_EMBED_SWIFT_STANDARD_LIBRARIES = YES;
				ASSETCATALOG_COMPILER_APPICON_NAME = AppIcon;
				ASSETCATALOG_COMPILER_GLOBAL_ACCENT_COLOR_NAME = AccentColor;
				CODE_SIGN_STYLE = Automatic;
				CURRENT_PROJECT_VERSION = 1;
				GENERATE_INFOPLIST_FILE = YES;
				IBSC_MODULE = WatchActivityRingsExample_WatchKit_Extension;
				INFOPLIST_KEY_CFBundleDisplayName = "WatchActivityRingsExample WatchKit App";
				INFOPLIST_KEY_UISupportedInterfaceOrientations = "UIInterfaceOrientationPortrait UIInterfaceOrientationPortraitUpsideDown";
				MARKETING_VERSION = 1.0;
				PRODUCT_BUNDLE_IDENTIFIER = local.WatchActivityRingsExample.watchkitapp;
				PRODUCT_NAME = "$(TARGET_NAME)";
				SDKROOT = watchos;
				SKIP_INSTALL = YES;
				SWIFT_EMIT_LOC_STRINGS = YES;
				SWIFT_VERSION = 5.0;
				TARGETED_DEVICE_FAMILY = 4;
				WATCHOS_DEPLOYMENT_TARGET = 8.3;
			};
			name = Release;
		};
		3B138CA127BEA73B00D2B1B6 /* Debug */ = {
			isa = XCBuildConfiguration;
			buildSettings = {
				CODE_SIGN_STYLE = Automatic;
				CURRENT_PROJECT_VERSION = 1;
				MARKETING_VERSION = 1.0;
				PRODUCT_BUNDLE_IDENTIFIER = local.WatchActivityRingsExample;
				PRODUCT_NAME = "$(TARGET_NAME)";
				SWIFT_VERSION = 5.0;
			};
			name = Debug;
		};
		3B138CA227BEA73B00D2B1B6 /* Release */ = {
			isa = XCBuildConfiguration;
			buildSettings = {
				CODE_SIGN_STYLE = Automatic;
				CURRENT_PROJECT_VERSION = 1;
				MARKETING_VERSION = 1.0;
				PRODUCT_BUNDLE_IDENTIFIER = local.WatchActivityRingsExample;
				PRODUCT_NAME = "$(TARGET_NAME)";
				SWIFT_VERSION = 5.0;
			};
			name = Release;
		};
/* End XCBuildConfiguration section */

/* Begin XCConfigurationList section */
		3B138C7327BEA73700D2B1B6 /* Build configuration list for PBXProject "WatchActivityRingsExample" */ = {
			isa = XCConfigurationList;
			buildConfigurations = (
				3B138C9627BEA73B00D2B1B6 /* Debug */,
				3B138C9727BEA73B00D2B1B6 /* Release */,
			);
			defaultConfigurationIsVisible = 0;
			defaultConfigurationName = Release;
		};
		3B138C9827BEA73B00D2B1B6 /* Build configuration list for PBXNativeTarget "WatchActivityRingsExample WatchKit Extension" */ = {
			isa = XCConfigurationList;
			buildConfigurations = (
				3B138C9927BEA73B00D2B1B6 /* Debug */,
				3B138C9A27BEA73B00D2B1B6 /* Release */,
			);
			defaultConfigurationIsVisible = 0;
			defaultConfigurationName = Release;
		};
		3B138C9C27BEA73B00D2B1B6 /* Build configuration list for PBXNativeTarget "WatchActivityRingsExample WatchKit App" */ = {
			isa = XCConfigurationList;
			buildConfigurations = (
				3B138C9D27BEA73B00D2B1B6 /* Debug */,
				3B138C9E27BEA73B00D2B1B6 /* Release */,
			);
			defaultConfigurationIsVisible = 0;
			defaultConfigurationName = Release;
		};
		3B138CA027BEA73B00D2B1B6 /* Build configuration list for PBXNativeTarget "WatchActivityRingsExample" */ = {
			isa = XCConfigurationList;
			buildConfigurations = (
				3B138CA127BEA73B00D2B1B6 /* Debug */,
				3B138CA227BEA73B00D2B1B6 /* Release */,
			);
			defaultConfigurationIsVisible = 0;
			defaultConfigurationName = Release;
		};
/* End XCConfigurationList section */

/* Begin XCSwiftPackageProductDependency section */
		3B138CA527BEA76500D2B1B6 /* RingProgressView */ = {
			isa = XCSwiftPackageProductDependency;
			productName = RingProgressView;
		};
/* End XCSwiftPackageProductDependency section */
	};
	rootObject = 3B138C7027BEA73700D2B1B6 /* Project object */;
}
